
Microsoft Visual Studio Solution File, Format Version 12.00
# Visual Studio 14
VisualStudioVersion = 14.0.25420.1
MinimumVisualStudioVersion = 10.0.40219.1
Project("{8BC9CEB8-8B4A-11D0-8D11-00A0C91BC942}") = "DaramCam", "DaramCam\DaramCam.vcxproj", "{CF2C45DB-8B57-41F5-9BBC-157442310AC3}"
EndProject
Project("{8BC9CEB8-8B4A-11D0-8D11-00A0C91BC942}") = "DaramCam.Test", "DaramCam.Test\DaramCam.Test.vcxproj", "{F1935F10-43D7-4A76-A0F0-6B751B58E901}"
	ProjectSection(ProjectDependencies) = postProject
		{CF2C45DB-8B57-41F5-9BBC-157442310AC3} = {CF2C45DB-8B57-41F5-9BBC-157442310AC3}
	EndProjectSection
EndProject
Global
	GlobalSection(SolutionConfigurationPlatforms) = preSolution
		Debug|x64 = Debug|x64
		Debug|x86 = Debug|x86
		Release|x64 = Release|x64
		Release|x86 = Release|x86
	EndGlobalSection
	GlobalSection(ProjectConfigurationPlatforms) = postSolution
		{CF2C45DB-8B57-41F5-9BBC-157442310AC3}.Debug|x64.ActiveCfg = Debug|x64
		{CF2C45DB-8B57-41F5-9BBC-157442310AC3}.Debug|x64.Build.0 = Debug|x64
		{CF2C45DB-8B57-41F5-9BBC-157442310AC3}.Debug|x86.ActiveCfg = Debug|Win32
		{CF2C45DB-8B57-41F5-9BBC-157442310AC3}.Debug|x86.Build.0 = Debug|Win32
		{CF2C45DB-8B57-41F5-9BBC-157442310AC3}.Release|x64.ActiveCfg = Release|x64
		{CF2C45DB-8B57-41F5-9BBC-157442310AC3}.Release|x64.Build.0 = Release|x64
		{CF2C45DB-8B57-41F5-9BBC-157442310AC3}.Release|x86.ActiveCfg = Release|Win32
		{CF2C45DB-8B57-41F5-9BBC-157442310AC3}.Release|x86.Build.0 = Release|Win32
		{F1935F10-43D7-4A76-A0F0-6B751B58E901}.Debug|x64.ActiveCfg = Debug|x64
		{F1935F10-43D7-4A76-A0F0-6B751B58E901}.Debug|x64.Build.0 = Debug|x64
		{F1935F10-43D7-4A76-A0F0-6B751B58E901}.Debug|x86.ActiveCfg = Debug|Win32
		{F1935F10-43D7-4A76-A0F0-6B751B58E901}.Debug|x86.Build.0 = Debug|Win32
		{F1935F10-43D7-4A76-A0F0-6B751B58E901}.Release|x64.ActiveCfg = Release|x64
		{F1935F10-43D7-4A76-A0F0-6B751B58E901}.Release|x64.Build.0 = Release|x64
		{F1935F10-43D7-4A76-A0F0-6B751B58E901}.Release|x86.ActiveCfg = Release|Win32
		{F1935F10-43D7-4A76-A0F0-6B751B58E901}.Release|x86.Build.0 = Release|Win32
	EndGlobalSection
	GlobalSection(SolutionProperties) = preSolution
		HideSolutionNode = FALSE
	EndGlobalSection
EndGlobal
